lockfileVersion: 5.4

specifiers:
  fflate: ^0.8.0
  playground-elements: ^0.18.0
  vite: ^4.3.9

dependencies:
  fflate: 0.8.0
  playground-elements: 0.18.0

devDependencies:
  vite: 4.3.9

packages:

  /@esbuild/android-arm/0.17.19:
    resolution: {integrity: sha512-rIKddzqhmav7MSmoFCmDIb6e2W57geRsM94gV2l38fzhXMwq7hZoClug9USI2pFRGL06f4IOPHHpFNOkWieR8A==}
    engines: {node: '>=12'}
    cpu: [arm]
    os: [android]
    requiresBuild: true
    dev: true
    optional: true

  /@esbuild/android-arm64/0.17.19:
    resolution: {integrity: sha512-KBMWvEZooR7+kzY0BtbTQn0OAYY7CsiydT63pVEaPtVYF0hXbUaOyZog37DKxK7NF3XacBJOpYT4adIJh+avxA==}
    engines: {node: '>=12'}
    cpu: [arm64]
    os: [android]
    requiresBuild: true
    dev: true
    optional: true

  /@esbuild/android-x64/0.17.19:
    resolution: {integrity: sha512-uUTTc4xGNDT7YSArp/zbtmbhO0uEEK9/ETW29Wk1thYUJBz3IVnvgEiEwEa9IeLyvnpKrWK64Utw2bgUmDveww==}
    engines: {node: '>=12'}
    cpu: [x64]
    os: [android]
    requiresBuild: true
    dev: true
    optional: true

  /@esbuild/darwin-arm64/0.17.19:
    resolution: {integrity: sha512-80wEoCfF/hFKM6WE1FyBHc9SfUblloAWx6FJkFWTWiCoht9Mc0ARGEM47e67W9rI09YoUxJL68WHfDRYEAvOhg==}
    engines: {node: '>=12'}
    cpu: [arm64]
    os: [darwin]
    requiresBuild: true
    dev: true
    optional: true

  /@esbuild/darwin-x64/0.17.19:
    resolution: {integrity: sha512-IJM4JJsLhRYr9xdtLytPLSH9k/oxR3boaUIYiHkAawtwNOXKE8KoU8tMvryogdcT8AU+Bflmh81Xn6Q0vTZbQw==}
    engines: {node: '>=12'}
    cpu: [x64]
    os: [darwin]
    requiresBuild: true
    dev: true
    optional: true

  /@esbuild/freebsd-arm64/0.17.19:
    resolution: {integrity: sha512-pBwbc7DufluUeGdjSU5Si+P3SoMF5DQ/F/UmTSb8HXO80ZEAJmrykPyzo1IfNbAoaqw48YRpv8shwd1NoI0jcQ==}
    engines: {node: '>=12'}
    cpu: [arm64]
    os: [freebsd]
    requiresBuild: true
    dev: true
    optional: true

  /@esbuild/freebsd-x64/0.17.19:
    resolution: {integrity: sha512-4lu+n8Wk0XlajEhbEffdy2xy53dpR06SlzvhGByyg36qJw6Kpfk7cp45DR/62aPH9mtJRmIyrXAS5UWBrJT6TQ==}
    engines: {node: '>=12'}
    cpu: [x64]
    os: [freebsd]
    requiresBuild: true
    dev: true
    optional: true

  /@esbuild/linux-arm/0.17.19:
    resolution: {integrity: sha512-cdmT3KxjlOQ/gZ2cjfrQOtmhG4HJs6hhvm3mWSRDPtZ/lP5oe8FWceS10JaSJC13GBd4eH/haHnqf7hhGNLerA==}
    engines: {node: '>=12'}
    cpu: [arm]
    os: [linux]
    requiresBuild: true
    dev: true
    optional: true

  /@esbuild/linux-arm64/0.17.19:
    resolution: {integrity: sha512-ct1Tg3WGwd3P+oZYqic+YZF4snNl2bsnMKRkb3ozHmnM0dGWuxcPTTntAF6bOP0Sp4x0PjSF+4uHQ1xvxfRKqg==}
    engines: {node: '>=12'}
    cpu: [arm64]
    os: [linux]
    requiresBuild: true
    dev: true
    optional: true

  /@esbuild/linux-ia32/0.17.19:
    resolution: {integrity: sha512-w4IRhSy1VbsNxHRQpeGCHEmibqdTUx61Vc38APcsRbuVgK0OPEnQ0YD39Brymn96mOx48Y2laBQGqgZ0j9w6SQ==}
    engines: {node: '>=12'}
    cpu: [ia32]
    os: [linux]
    requiresBuild: true
    dev: true
    optional: true

  /@esbuild/linux-loong64/0.17.19:
    resolution: {integrity: sha512-2iAngUbBPMq439a+z//gE+9WBldoMp1s5GWsUSgqHLzLJ9WoZLZhpwWuym0u0u/4XmZ3gpHmzV84PonE+9IIdQ==}
    engines: {node: '>=12'}
    cpu: [loong64]
    os: [linux]
    requiresBuild: true
    dev: true
    optional: true

  /@esbuild/linux-mips64el/0.17.19:
    resolution: {integrity: sha512-LKJltc4LVdMKHsrFe4MGNPp0hqDFA1Wpt3jE1gEyM3nKUvOiO//9PheZZHfYRfYl6AwdTH4aTcXSqBerX0ml4A==}
    engines: {node: '>=12'}
    cpu: [mips64el]
    os: [linux]
    requiresBuild: true
    dev: true
    optional: true

  /@esbuild/linux-ppc64/0.17.19:
    resolution: {integrity: sha512-/c/DGybs95WXNS8y3Ti/ytqETiW7EU44MEKuCAcpPto3YjQbyK3IQVKfF6nbghD7EcLUGl0NbiL5Rt5DMhn5tg==}
    engines: {node: '>=12'}
    cpu: [ppc64]
    os: [linux]
    requiresBuild: true
    dev: true
    optional: true

  /@esbuild/linux-riscv64/0.17.19:
    resolution: {integrity: sha512-FC3nUAWhvFoutlhAkgHf8f5HwFWUL6bYdvLc/TTuxKlvLi3+pPzdZiFKSWz/PF30TB1K19SuCxDTI5KcqASJqA==}
    engines: {node: '>=12'}
    cpu: [riscv64]
    os: [linux]
    requiresBuild: true
    dev: true
    optional: true

  /@esbuild/linux-s390x/0.17.19:
    resolution: {integrity: sha512-IbFsFbxMWLuKEbH+7sTkKzL6NJmG2vRyy6K7JJo55w+8xDk7RElYn6xvXtDW8HCfoKBFK69f3pgBJSUSQPr+4Q==}
    engines: {node: '>=12'}
    cpu: [s390x]
    os: [linux]
    requiresBuild: true
    dev: true
    optional: true

  /@esbuild/linux-x64/0.17.19:
    resolution: {integrity: sha512-68ngA9lg2H6zkZcyp22tsVt38mlhWde8l3eJLWkyLrp4HwMUr3c1s/M2t7+kHIhvMjglIBrFpncX1SzMckomGw==}
    engines: {node: '>=12'}
    cpu: [x64]
    os: [linux]
    requiresBuild: true
    dev: true
    optional: true

  /@esbuild/netbsd-x64/0.17.19:
    resolution: {integrity: sha512-CwFq42rXCR8TYIjIfpXCbRX0rp1jo6cPIUPSaWwzbVI4aOfX96OXY8M6KNmtPcg7QjYeDmN+DD0Wp3LaBOLf4Q==}
    engines: {node: '>=12'}
    cpu: [x64]
    os: [netbsd]
    requiresBuild: true
    dev: true
    optional: true

  /@esbuild/openbsd-x64/0.17.19:
    resolution: {integrity: sha512-cnq5brJYrSZ2CF6c35eCmviIN3k3RczmHz8eYaVlNasVqsNY+JKohZU5MKmaOI+KkllCdzOKKdPs762VCPC20g==}
    engines: {node: '>=12'}
    cpu: [x64]
    os: [openbsd]
    requiresBuild: true
    dev: true
    optional: true

  /@esbuild/sunos-x64/0.17.19:
    resolution: {integrity: sha512-vCRT7yP3zX+bKWFeP/zdS6SqdWB8OIpaRq/mbXQxTGHnIxspRtigpkUcDMlSCOejlHowLqII7K2JKevwyRP2rg==}
    engines: {node: '>=12'}
    cpu: [x64]
    os: [sunos]
    requiresBuild: true
    dev: true
    optional: true

  /@esbuild/win32-arm64/0.17.19:
    resolution: {integrity: sha512-yYx+8jwowUstVdorcMdNlzklLYhPxjniHWFKgRqH7IFlUEa0Umu3KuYplf1HUZZ422e3NU9F4LGb+4O0Kdcaag==}
    engines: {node: '>=12'}
    cpu: [arm64]
    os: [win32]
    requiresBuild: true
    dev: true
    optional: true

  /@esbuild/win32-ia32/0.17.19:
    resolution: {integrity: sha512-eggDKanJszUtCdlVs0RB+h35wNlb5v4TWEkq4vZcmVt5u/HiDZrTXe2bWFQUez3RgNHwx/x4sk5++4NSSicKkw==}
    engines: {node: '>=12'}
    cpu: [ia32]
    os: [win32]
    requiresBuild: true
    dev: true
    optional: true

  /@esbuild/win32-x64/0.17.19:
    resolution: {integrity: sha512-lAhycmKnVOuRYNtRtatQR1LPQf2oYCkRGkSFnseDAKPl8lu5SOsK/e1sXe5a0Pc5kHIHe6P2I/ilntNv2xf3cA==}
    engines: {node: '>=12'}
    cpu: [x64]
    os: [win32]
    requiresBuild: true
    dev: true
    optional: true

  /@lit-labs/ssr-dom-shim/1.1.1:
    resolution: {integrity: sha512-kXOeFbfCm4fFf2A3WwVEeQj55tMZa8c8/f9AKHMobQMkzNUfUj+antR3fRPaZJawsa1aZiP/Da3ndpZrwEe4rQ==}
    dev: false

  /@lit/reactive-element/1.6.2:
    resolution: {integrity: sha512-rDfl+QnCYjuIGf5xI2sVJWdYIi56CTCwWa+nidKYX6oIuBYwUbT/vX4qbUDlHiZKJ/3FRNQ/tWJui44p6/stSA==}
    dependencies:
      '@lit-labs/ssr-dom-shim': 1.1.1
    dev: false

  /@material/animation/14.0.0-canary.53b3cad2f.0:
    resolution: {integrity: sha512-GBuR4VmcTQW1D0lPXEosf5Giho72LLbyGIydWGtaEUtLJoive/D9kFkwTN4Fsyt9Kkl7hbhs35vrNe6QkAH4/Q==}
    dependencies:
      tslib: 2.5.3
    dev: false

  /@material/base/14.0.0-canary.53b3cad2f.0:
    resolution: {integrity: sha512-UJKbXwZtkrA3sfQDmj8Zbw1Q3Tqtl6KdfVFws95Yf7TCUgTFzbZI/FSx1w7dVugQPOEnIBuZnzqZam/MtHkx4w==}
    dependencies:
      tslib: 2.5.3
    dev: false

  /@material/density/14.0.0-canary.53b3cad2f.0:
    resolution: {integrity: sha512-Eh/vZ3vVyqtpylg5Ci33qlgtToS4H1/ppd450Ib3tcdISIoodgijYY0w4XsRvrnZgbI/h/1STFdLxdzS0UNuFw==}
    dependencies:
      tslib: 2.5.3
    dev: false

  /@material/dom/14.0.0-canary.53b3cad2f.0:
    resolution: {integrity: sha512-aR+rfncF6oi2ivdOlKSJI4UXwNzWV5rXM88MLDoSJF1D7lXxhAKhge+tMUBodWGV/q0+FnXLuVAa0WYTrKjo+A==}
    dependencies:
      '@material/feature-targeting': 14.0.0-canary.53b3cad2f.0
      tslib: 2.5.3
    dev: false

  /@material/elevation/14.0.0-canary.53b3cad2f.0:
    resolution: {integrity: sha512-3h+EkR588RMZ5TSNQ4UeXD1FOBnL3ABQix0DQIGwtNJCqSMoPndT/oJEFvwQbTkZNDbFIKN9p1Q7/KuFPVY8Pw==}
    dependencies:
      '@material/animation': 14.0.0-canary.53b3cad2f.0
      '@material/base': 14.0.0-canary.53b3cad2f.0
      '@material/feature-targeting': 14.0.0-canary.53b3cad2f.0
      '@material/rtl': 14.0.0-canary.53b3cad2f.0
      '@material/theme': 14.0.0-canary.53b3cad2f.0
      tslib: 2.5.3
    dev: false

  /@material/feature-targeting/14.0.0-canary.53b3cad2f.0:
    resolution: {integrity: sha512-fn7Af3PRyARtNeYqtjxXmE3Y/dCpnpQVWWys57MqiGR/nvc6qpgOfJ6rOdcu/MrOysOE/oebTUDmDnTmwpe9Hw==}
    dependencies:
      tslib: 2.5.3
    dev: false

  /@material/floating-label/14.0.0-canary.53b3cad2f.0:
    resolution: {integrity: sha512-gHZUTTVKnP+Zjz4l9IT/G89NPmypn5FlTGLWKKqXbuQphr37rsKFR3Y80SJxULRyMDnAdKSxuZwiXLFKQz9KlA==}
    dependencies:
      '@material/animation': 14.0.0-canary.53b3cad2f.0
      '@material/base': 14.0.0-canary.53b3cad2f.0
      '@material/dom': 14.0.0-canary.53b3cad2f.0
      '@material/feature-targeting': 14.0.0-canary.53b3cad2f.0
      '@material/rtl': 14.0.0-canary.53b3cad2f.0
      '@material/theme': 14.0.0-canary.53b3cad2f.0
      '@material/typography': 14.0.0-canary.53b3cad2f.0
      tslib: 2.5.3
    dev: false

  /@material/focus-ring/14.0.0-canary.53b3cad2f.0:
    resolution: {integrity: sha512-exPX5VrjQimipBwgcFDGRiEE783sOBgpkFui59A6i6iGvS2UrLHlYY2E65fyyyQnD1f/rv4Po1OOnCesE1kulg==}
    dependencies:
      '@material/dom': 14.0.0-canary.53b3cad2f.0
      '@material/feature-targeting': 14.0.0-canary.53b3cad2f.0
      '@material/rtl': 14.0.0-canary.53b3cad2f.0
    dev: false

  /@material/line-ripple/14.0.0-canary.53b3cad2f.0:
    resolution: {integrity: sha512-k8f8uuDwnSqZZ98CzbYtQVtxlp1ryUup9nd2uobo3kiqQNlQfXdGkVjuCXcla0OPiKFizNn7dS6Kl/j6L09XUA==}
    dependencies:
      '@material/animation': 14.0.0-canary.53b3cad2f.0
      '@material/base': 14.0.0-canary.53b3cad2f.0
      '@material/feature-targeting': 14.0.0-canary.53b3cad2f.0
      '@material/theme': 14.0.0-canary.53b3cad2f.0
      tslib: 2.5.3
    dev: false

  /@material/linear-progress/14.0.0-canary.53b3cad2f.0:
    resolution: {integrity: sha512-QqkDBcqX7TMt3zQn51LgS7K0y13rJ4ppMQL1f2uYBhDOov8nqndlaXw456KYE9RhU39JrLzVQlaAbU3eecVb/Q==}
    dependencies:
      '@material/animation': 14.0.0-canary.53b3cad2f.0
      '@material/base': 14.0.0-canary.53b3cad2f.0
      '@material/dom': 14.0.0-canary.53b3cad2f.0
      '@material/feature-targeting': 14.0.0-canary.53b3cad2f.0
      '@material/progress-indicator': 14.0.0-canary.53b3cad2f.0
      '@material/rtl': 14.0.0-canary.53b3cad2f.0
      '@material/theme': 14.0.0-canary.53b3cad2f.0
      tslib: 2.5.3
    dev: false

  /@material/list/14.0.0-canary.53b3cad2f.0:
    resolution: {integrity: sha512-mkMpltSKAYLBtFnTTCk/mQIDzwxF/VLh1gh59ehOtmRXt7FvTz83RoAa4tqe53hpVrbX4HoLDBu+vILhq/wkjw==}
    dependencies:
      '@material/base': 14.0.0-canary.53b3cad2f.0
      '@material/density': 14.0.0-canary.53b3cad2f.0
      '@material/dom': 14.0.0-canary.53b3cad2f.0
      '@material/feature-targeting': 14.0.0-canary.53b3cad2f.0
      '@material/ripple': 14.0.0-canary.53b3cad2f.0
      '@material/rtl': 14.0.0-canary.53b3cad2f.0
      '@material/shape': 14.0.0-canary.53b3cad2f.0
      '@material/theme': 14.0.0-canary.53b3cad2f.0
      '@material/typography': 14.0.0-canary.53b3cad2f.0
      tslib: 2.5.3
    dev: false

  /@material/menu-surface/14.0.0-canary.53b3cad2f.0:
    resolution: {integrity: sha512-IQWb/n15FpLnn+kHp0EqzLE+UoWSPumq3eze2QifiowvGb37bNFR9oSe7CaOzPMrHdkrZ5SBWnDU41wPZN5kOg==}
    dependencies:
      '@material/animation': 14.0.0-canary.53b3cad2f.0
      '@material/base': 14.0.0-canary.53b3cad2f.0
      '@material/elevation': 14.0.0-canary.53b3cad2f.0
      '@material/feature-targeting': 14.0.0-canary.53b3cad2f.0
      '@material/rtl': 14.0.0-canary.53b3cad2f.0
      '@material/shape': 14.0.0-canary.53b3cad2f.0
      '@material/theme': 14.0.0-canary.53b3cad2f.0
      tslib: 2.5.3
    dev: false

  /@material/menu/14.0.0-canary.53b3cad2f.0:
    resolution: {integrity: sha512-MmYKVrMIqOtP3TN4vdrrnQrS8P81+tMaA6bKiT9V79R1U6+mKsBYTzaLtLbzyem5vF8O0q7bSwyPwhWPtJr75Q==}
    dependencies:
      '@material/base': 14.0.0-canary.53b3cad2f.0
      '@material/dom': 14.0.0-canary.53b3cad2f.0
      '@material/elevation': 14.0.0-canary.53b3cad2f.0
      '@material/feature-targeting': 14.0.0-canary.53b3cad2f.0
      '@material/list': 14.0.0-canary.53b3cad2f.0
      '@material/menu-surface': 14.0.0-canary.53b3cad2f.0
      '@material/ripple': 14.0.0-canary.53b3cad2f.0
      '@material/rtl': 14.0.0-canary.53b3cad2f.0
      '@material/theme': 14.0.0-canary.53b3cad2f.0
      tslib: 2.5.3
    dev: false

  /@material/mwc-base/0.27.0:
    resolution: {integrity: sha512-oCWWtjbyQ52AaUbzINLGBKScIPyqhps2Y7c8t6Gu6fcFeDxhKXMV1Cqvtj/OMhtAt53XjHfD2XruWwYv3cYYUA==}
    dependencies:
      '@material/base': 14.0.0-canary.53b3cad2f.0
      '@material/dom': 14.0.0-canary.53b3cad2f.0
      lit: 2.7.5
      tslib: 2.5.3
    dev: false

  /@material/mwc-button/0.27.0:
    resolution: {integrity: sha512-t5m2zfE93RNKHMjdsU67X6csFzuSG08VJKKvXVQ+BriGE3xBgzY5nZdmZXomFpaWjDENPAlyS4ppCFm6o+DILw==}
    dependencies:
      '@material/mwc-icon': 0.27.0
      '@material/mwc-ripple': 0.27.0
      lit: 2.7.5
      tslib: 2.5.3
    dev: false

  /@material/mwc-checkbox/0.27.0:
    resolution: {integrity: sha512-EY0iYZLwo8qaqMwR5da4fdn0xI0BZNAvKTcwoubYWpDDHlGxDcqwvjp/40ChGo3Q/zv8/4/A0Qp7cwapI82EkA==}
    dependencies:
      '@material/mwc-base': 0.27.0
      '@material/mwc-ripple': 0.27.0
      lit: 2.7.5
      tslib: 2.5.3
    dev: false

  /@material/mwc-floating-label/0.27.0:
    resolution: {integrity: sha512-uLleloTxQ6dDShcZzqgqfC8otQY8DtGMO9HFQbAEncoFAWpAehcEonsuT/IUhMORN+c5un0P5WXwcZsInJb7og==}
    dependencies:
      '@material/floating-label': 14.0.0-canary.53b3cad2f.0
      lit: 2.7.5
      tslib: 2.5.3
    dev: false

  /@material/mwc-icon-button/0.27.0:
    resolution: {integrity: sha512-wReiPa1UkLaCSPtpkAs1OGKEBtvqPnz9kzuY+RvN5ZQnpo3Uh7n3plHV4y/stsUBfrWtBCcOgYnCdNRaR/r2nQ==}
    dependencies:
      '@material/mwc-ripple': 0.27.0
      lit: 2.7.5
      tslib: 2.5.3
    dev: false

  /@material/mwc-icon/0.27.0:
    resolution: {integrity: sha512-Sul44I37M9Ewynn0A9DjkEBrmll2VtNbth6Pxj7I1A/EAwEfaCrPvryyGqfIu1T2hTsRcaojzQx6QjF+B5QW9A==}
    dependencies:
      lit: 2.7.5
      tslib: 2.5.3
    dev: false

  /@material/mwc-line-ripple/0.27.0:
    resolution: {integrity: sha512-n9Xpt5g3RJEl9rvk14OP6dUNJUtsJA46beTQiep7ppO7IPVFLC1v/5sPpUzfNPUBsclSPxdBuNlCxsgcIYueUw==}
    dependencies:
      '@material/line-ripple': 14.0.0-canary.53b3cad2f.0
      lit: 2.7.5
      tslib: 2.5.3
    dev: false

  /@material/mwc-linear-progress/0.27.0:
    resolution: {integrity: sha512-kpWVLHPb7RzHU70Dq9bl1lBv05S49rQkyfFoL3PU5tEZHozT8IPQjdBLqAqd7H10cfLVjO7oIB+mVmvnFV+UsQ==}
    dependencies:
      '@material/linear-progress': 14.0.0-canary.53b3cad2f.0
      '@material/mwc-base': 0.27.0
      '@material/theme': 14.0.0-canary.53b3cad2f.0
      lit: 2.7.5
      tslib: 2.5.3
    dev: false

  /@material/mwc-list/0.27.0:
    resolution: {integrity: sha512-oAhNQsBuAOgF3ENOIY8PeWjXsl35HoYaUkl0ixBQk8jJP2HIEf+MdbS5688y/UXxFbSjr0m//LfwR5gauEashg==}
    dependencies:
      '@material/base': 14.0.0-canary.53b3cad2f.0
      '@material/dom': 14.0.0-canary.53b3cad2f.0
      '@material/list': 14.0.0-canary.53b3cad2f.0
      '@material/mwc-base': 0.27.0
      '@material/mwc-checkbox': 0.27.0
      '@material/mwc-radio': 0.27.0
      '@material/mwc-ripple': 0.27.0
      lit: 2.7.5
      tslib: 2.5.3
    dev: false

  /@material/mwc-menu/0.27.0:
    resolution: {integrity: sha512-K+L/t267ZGrlhjK/iSKUVZQKRMkWELArKVglfS5of93ALP4in0RGnj1sOG2u3IFI2F/mEZxRi+wr7HgNxpe0wA==}
    dependencies:
      '@material/menu': 14.0.0-canary.53b3cad2f.0
      '@material/menu-surface': 14.0.0-canary.53b3cad2f.0
      '@material/mwc-base': 0.27.0
      '@material/mwc-list': 0.27.0
      '@material/shape': 14.0.0-canary.53b3cad2f.0
      '@material/theme': 14.0.0-canary.53b3cad2f.0
      lit: 2.7.5
      tslib: 2.5.3
    dev: false

  /@material/mwc-notched-outline/0.27.0:
    resolution: {integrity: sha512-IlqfQVaEd1RAHqhOG0Xk5JhTDgBe/P9og0pnACglK6bPE0vUhYKwibJiHcr4ACTPtGWHO9o92aktR+7AIEAKtQ==}
    dependencies:
      '@material/mwc-base': 0.27.0
      '@material/notched-outline': 14.0.0-canary.53b3cad2f.0
      lit: 2.7.5
      tslib: 2.5.3
    dev: false

  /@material/mwc-radio/0.27.0:
    resolution: {integrity: sha512-+rSO9a373BgyMgQOM0Z8vVkuieobBylPJ8qpltytM+yGPj8+n+MtwRZyg+ry3WwEjYYDMP6GxZPHwLgWs6lMpQ==}
    dependencies:
      '@material/mwc-base': 0.27.0
      '@material/mwc-ripple': 0.27.0
      '@material/radio': 14.0.0-canary.53b3cad2f.0
      lit: 2.7.5
      tslib: 2.5.3
    dev: false

  /@material/mwc-ripple/0.27.0:
    resolution: {integrity: sha512-by0O8d8g3Rd96/sUB8hxy6MrDx1QTstqOsA64vqypWd526hMTBGRik08jTNap5sVIyrN9Vq17jb4NJLWQLnNHQ==}
    dependencies:
      '@material/dom': 14.0.0-canary.53b3cad2f.0
      '@material/mwc-base': 0.27.0
      '@material/ripple': 14.0.0-canary.53b3cad2f.0
      lit: 2.7.5
      tslib: 2.5.3
    dev: false

  /@material/mwc-textfield/0.27.0:
    resolution: {integrity: sha512-4/OEeEVAWWQ1DzpjeMLYLsa9HMlifOPjAvi0681Yj1g/RYJs5ONZS80HZ8HOT+efAOlZDugshgM4gdNS3I0XFQ==}
    dependencies:
      '@material/floating-label': 14.0.0-canary.53b3cad2f.0
      '@material/line-ripple': 14.0.0-canary.53b3cad2f.0
      '@material/mwc-base': 0.27.0
      '@material/mwc-floating-label': 0.27.0
      '@material/mwc-line-ripple': 0.27.0
      '@material/mwc-notched-outline': 0.27.0
      '@material/textfield': 14.0.0-canary.53b3cad2f.0
      lit: 2.7.5
      tslib: 2.5.3
    dev: false

  /@material/notched-outline/14.0.0-canary.53b3cad2f.0:
    resolution: {integrity: sha512-3ByiPOC/wWQmFKfgJS98kb5/6v92n7uIfJ6v6sryKJlJCJn39qfpGcCM5RpRIws1RET1s1zBJT2JDwYeu/hM5A==}
    dependencies:
      '@material/base': 14.0.0-canary.53b3cad2f.0
      '@material/feature-targeting': 14.0.0-canary.53b3cad2f.0
      '@material/floating-label': 14.0.0-canary.53b3cad2f.0
      '@material/rtl': 14.0.0-canary.53b3cad2f.0
      '@material/shape': 14.0.0-canary.53b3cad2f.0
      '@material/theme': 14.0.0-canary.53b3cad2f.0
      tslib: 2.5.3
    dev: false

  /@material/progress-indicator/14.0.0-canary.53b3cad2f.0:
    resolution: {integrity: sha512-vW0oZK70QOpAarip95ueCQ/I3kBClcWjxsc0F0QjkqT76DOVXpjnZ4XoRRyq9eMpwLqlKLTecrsSNpmqwwF1Dg==}
    dependencies:
      tslib: 2.5.3
    dev: false

  /@material/radio/14.0.0-canary.53b3cad2f.0:
    resolution: {integrity: sha512-V/AgWEOuHFoh9d4Gq1rqBZnKSGtMLQNh23Bwrv0c1FhPqFvUpwt9jR3SVwhJk5gvQQWGy9p3iiGc9QCJ+0+P8Q==}
    dependencies:
      '@material/animation': 14.0.0-canary.53b3cad2f.0
      '@material/base': 14.0.0-canary.53b3cad2f.0
      '@material/density': 14.0.0-canary.53b3cad2f.0
      '@material/dom': 14.0.0-canary.53b3cad2f.0
      '@material/feature-targeting': 14.0.0-canary.53b3cad2f.0
      '@material/focus-ring': 14.0.0-canary.53b3cad2f.0
      '@material/ripple': 14.0.0-canary.53b3cad2f.0
      '@material/theme': 14.0.0-canary.53b3cad2f.0
      '@material/touch-target': 14.0.0-canary.53b3cad2f.0
      tslib: 2.5.3
    dev: false

  /@material/ripple/14.0.0-canary.53b3cad2f.0:
    resolution: {integrity: sha512-6g2G62vd8DsMuIUSXlRrzb98qkZ4o8ZREknNwNP2zaLQEOkJ//4j9HaqDt98/3LIjUTY9UIVFTQENiMmlwKHYQ==}
    dependencies:
      '@material/animation': 14.0.0-canary.53b3cad2f.0
      '@material/base': 14.0.0-canary.53b3cad2f.0
      '@material/dom': 14.0.0-canary.53b3cad2f.0
      '@material/feature-targeting': 14.0.0-canary.53b3cad2f.0
      '@material/rtl': 14.0.0-canary.53b3cad2f.0
      '@material/theme': 14.0.0-canary.53b3cad2f.0
      tslib: 2.5.3
    dev: false

  /@material/rtl/14.0.0-canary.53b3cad2f.0:
    resolution: {integrity: sha512-f08LT0HSa0WYU+4Jz/tbm1TQ9Fcf2k+H6dPPYv0J1sZmX6hMgCEmNiUdUFLQFvszoXx2XrRi1/hIFjbz2e69Yg==}
    dependencies:
      '@material/theme': 14.0.0-canary.53b3cad2f.0
      tslib: 2.5.3
    dev: false

  /@material/shape/14.0.0-canary.53b3cad2f.0:
    resolution: {integrity: sha512-RyjInLCNe+nI/ulKea0ZLHphXQDiDqYazS25SRn18g8Hoa5qGNaY5oOBncDXUYn3jm5oI5kFc9oif//kulkbjg==}
    dependencies:
      '@material/feature-targeting': 14.0.0-canary.53b3cad2f.0
      '@material/rtl': 14.0.0-canary.53b3cad2f.0
      '@material/theme': 14.0.0-canary.53b3cad2f.0
      tslib: 2.5.3
    dev: false

  /@material/textfield/14.0.0-canary.53b3cad2f.0:
    resolution: {integrity: sha512-Pla9Tr94Is18o97E/mqHKdkR24rPES9atGm3BlXrNzyr5tu6+h++RBbxy7V6IExcfl0MX+v9Gyqz7sPZzFtwMA==}
    dependencies:
      '@material/animation': 14.0.0-canary.53b3cad2f.0
      '@material/base': 14.0.0-canary.53b3cad2f.0
      '@material/density': 14.0.0-canary.53b3cad2f.0
      '@material/dom': 14.0.0-canary.53b3cad2f.0
      '@material/feature-targeting': 14.0.0-canary.53b3cad2f.0
      '@material/floating-label': 14.0.0-canary.53b3cad2f.0
      '@material/line-ripple': 14.0.0-canary.53b3cad2f.0
      '@material/notched-outline': 14.0.0-canary.53b3cad2f.0
      '@material/ripple': 14.0.0-canary.53b3cad2f.0
      '@material/rtl': 14.0.0-canary.53b3cad2f.0
      '@material/shape': 14.0.0-canary.53b3cad2f.0
      '@material/theme': 14.0.0-canary.53b3cad2f.0
      '@material/tokens': 14.0.0-canary.53b3cad2f.0
      '@material/typography': 14.0.0-canary.53b3cad2f.0
      tslib: 2.5.3
    dev: false

  /@material/theme/14.0.0-canary.53b3cad2f.0:
    resolution: {integrity: sha512-S06XAevDCDWMe+GgsEpITMS07imUidzadNaTbJsqssFajBLr53QWVZsG84BpjXKXoYvyEJvb0hX5U0lq6ip9UQ==}
    dependencies:
      '@material/feature-targeting': 14.0.0-canary.53b3cad2f.0
      tslib: 2.5.3
    dev: false

  /@material/tokens/14.0.0-canary.53b3cad2f.0:
    resolution: {integrity: sha512-myHFB7vac8zErA3qgkqmV+kpE+i9JEwc/6Yf0MOumDSpylJGw28QikpNC6eAVBK2EmPQTaFn20mqUxyud8dGqw==}
    dependencies:
      '@material/elevation': 14.0.0-canary.53b3cad2f.0
    dev: false

  /@material/touch-target/14.0.0-canary.53b3cad2f.0:
    resolution: {integrity: sha512-d83e5vbqoLyL542yOTTp4TLVltddWiqbI/j1w/D9ipE30YKfe2EDN+CNJc32Zufh5IUfK41DsZdrN8fI9cL99A==}
    dependencies:
      '@material/base': 14.0.0-canary.53b3cad2f.0
      '@material/feature-targeting': 14.0.0-canary.53b3cad2f.0
      '@material/rtl': 14.0.0-canary.53b3cad2f.0
      tslib: 2.5.3
    dev: false

  /@material/typography/14.0.0-canary.53b3cad2f.0:
    resolution: {integrity: sha512-9J0k2fq7uyHsRzRqJDJLGmg3YzRpfRPtFDVeUH/xBcYoqpZE7wYw5Mb7s/l8eP626EtR7HhXhSPjvRTLA6NIJg==}
    dependencies:
      '@material/feature-targeting': 14.0.0-canary.53b3cad2f.0
      '@material/theme': 14.0.0-canary.53b3cad2f.0
      tslib: 2.5.3
    dev: false

  /@types/codemirror/5.60.8:
    resolution: {integrity: sha512-VjFgDF/eB+Aklcy15TtOTLQeMjTo07k7KAjql8OK5Dirr7a6sJY4T1uVBDuTVG9VEmn1uUsohOpYnVfgC6/jyw==}
    dependencies:
      '@types/tern': 0.23.4
    dev: false

  /@types/estree/1.0.1:
    resolution: {integrity: sha512-LG4opVs2ANWZ1TJoKc937iMmNstM/d0ae1vNbnBvBhqCSezgVUOzcLCqbI5elV8Vy6WKwKjaqR+zO9VKirBBCA==}
    dev: false

  /@types/tern/0.23.4:
    resolution: {integrity: sha512-JAUw1iXGO1qaWwEOzxTKJZ/5JxVeON9kvGZ/osgZaJImBnyjyn0cjovPsf6FNLmyGY8Vw9DoXZCMlfMkMwHRWg==}
    dependencies:
      '@types/estree': 1.0.1
    dev: false

  /@types/trusted-types/2.0.3:
    resolution: {integrity: sha512-NfQ4gyz38SL8sDNrSixxU2Os1a5xcdFxipAFxYEuLUlvU2uDwS4NUpsImcf1//SlWItCVMMLiylsxbmNMToV/g==}
    dev: false

  /comlink/4.3.1:
    resolution: {integrity: sha512-+YbhUdNrpBZggBAHWcgQMLPLH1KDF3wJpeqrCKieWQ8RL7atmgsgTQko1XEBK6PsecfopWNntopJ+ByYG1lRaA==}
    dev: false

  /esbuild/0.17.19:
    resolution: {integrity: sha512-XQ0jAPFkK/u3LcVRcvVHQcTIqD6E2H1fvZMA5dQPSOWb3suUbWbfbRf94pjc0bNzRYLfIrDRQXr7X+LHIm5oHw==}
    engines: {node: '>=12'}
    hasBin: true
    requiresBuild: true
    optionalDependencies:
      '@esbuild/android-arm': 0.17.19
      '@esbuild/android-arm64': 0.17.19
      '@esbuild/android-x64': 0.17.19
      '@esbuild/darwin-arm64': 0.17.19
      '@esbuild/darwin-x64': 0.17.19
      '@esbuild/freebsd-arm64': 0.17.19
      '@esbuild/freebsd-x64': 0.17.19
      '@esbuild/linux-arm': 0.17.19
      '@esbuild/linux-arm64': 0.17.19
      '@esbuild/linux-ia32': 0.17.19
      '@esbuild/linux-loong64': 0.17.19
      '@esbuild/linux-mips64el': 0.17.19
      '@esbuild/linux-ppc64': 0.17.19
      '@esbuild/linux-riscv64': 0.17.19
      '@esbuild/linux-s390x': 0.17.19
      '@esbuild/linux-x64': 0.17.19
      '@esbuild/netbsd-x64': 0.17.19
      '@esbuild/openbsd-x64': 0.17.19
      '@esbuild/sunos-x64': 0.17.19
      '@esbuild/win32-arm64': 0.17.19
      '@esbuild/win32-ia32': 0.17.19
      '@esbuild/win32-x64': 0.17.19
    dev: true

  /fflate/0.8.0:
    resolution: {integrity: sha512-FAdS4qMuFjsJj6XHbBaZeXOgaypXp8iw/Tpyuq/w3XA41jjLHT8NPA+n7czH/DDhdncq0nAyDZmPeWXh2qmdIg==}
    dev: false

  /fsevents/2.3.2:
    resolution: {integrity: sha512-xiqMQR4xAeHTuB9uWm+fFRcIOgKBMiOBP+eXiyT7jsgVCq1bkVygt00oASowB7EdtpOHaaPgKt812P9ab+DDKA==}
    engines: {node: ^8.16.0 || ^10.6.0 || >=11.0.0}
    os: [darwin]
    requiresBuild: true
    dev: true
    optional: true

  /fuse.js/6.6.2:
    resolution: {integrity: sha512-cJaJkxCCxC8qIIcPBF9yGxY0W/tVZS3uEISDxhYIdtk8OL93pe+6Zj7LjCqVV4dzbqcriOZ+kQ/NE4RXZHsIGA==}
    engines: {node: '>=10'}
    dev: false

  /lit-element/3.3.2:
    resolution: {integrity: sha512-xXAeVWKGr4/njq0rGC9dethMnYCq5hpKYrgQZYTzawt9YQhMiXfD+T1RgrdY3NamOxwq2aXlb0vOI6e29CKgVQ==}
    dependencies:
      '@lit-labs/ssr-dom-shim': 1.1.1
      '@lit/reactive-element': 1.6.2
      lit-html: 2.7.4
    dev: false

  /lit-html/2.7.4:
    resolution: {integrity: sha512-/Jw+FBpeEN+z8X6PJva5n7+0MzCVAH2yypN99qHYYkq8bI+j7I39GH+68Z/MZD6rGKDK9RpzBw7CocfmHfq6+g==}
    dependencies:
      '@types/trusted-types': 2.0.3
    dev: false

  /lit/2.7.5:
    resolution: {integrity: sha512-i/cH7Ye6nBDUASMnfwcictBnsTN91+aBjXoTHF2xARghXScKxpD4F4WYI+VLXg9lqbMinDfvoI7VnZXjyHgdfQ==}
    dependencies:
      '@lit/reactive-element': 1.6.2
      lit-element: 3.3.2
      lit-html: 2.7.4
    dev: false

  /nanoid/3.3.6:
    resolution: {integrity: sha512-BGcqMMJuToF7i1rt+2PWSNVnWIkGCU78jBG3RxO/bZlnZPK2Cmi2QaffxGO/2RvWi9sL+FAiRiXMgsyxQ1DIDA==}
    engines: {node: ^10 || ^12 || ^13.7 || ^14 || >=15.0.1}
    hasBin: true
    dev: true

  /picocolors/1.0.0:
    resolution: {integrity: sha512-1fygroTLlHu66zi26VoTDv8yRgm0Fccecssto+MhsZ0D/DGW2sm8E8AjW7NU5VVTRt5GxbeZ5qBuJr+HyLYkjQ==}
    dev: true

  /playground-elements/0.18.0:
    resolution: {integrity: sha512-Pdoq1gs2pEadMhrvHF84vk6WghHEOFe+PmtvSJn4bpatGmi720OJuS1+UBDVS05XxHZ8C4VpD6IdlaNGMksDnA==}
    dependencies:
      '@material/mwc-button': 0.27.0
      '@material/mwc-icon-button': 0.27.0
      '@material/mwc-linear-progress': 0.27.0
      '@material/mwc-list': 0.27.0
      '@material/mwc-menu': 0.27.0
      '@material/mwc-textfield': 0.27.0
      '@types/codemirror': 5.60.8
      comlink: 4.3.1
      fuse.js: 6.6.2
      lit: 2.7.5
      tslib: 2.5.3
      vscode-languageserver-protocol: 3.17.3
    dev: false

  /postcss/8.4.24:
    resolution: {integrity: sha512-M0RzbcI0sO/XJNucsGjvWU9ERWxb/ytp1w6dKtxTKgixdtQDq4rmx/g8W1hnaheq9jgwL/oyEdH5Bc4WwJKMqg==}
    engines: {node: ^10 || ^12 || >=14}
    dependencies:
      nanoid: 3.3.6
      picocolors: 1.0.0
      source-map-js: 1.0.2
    dev: true

  /rollup/3.25.1:
    resolution: {integrity: sha512-tywOR+rwIt5m2ZAWSe5AIJcTat8vGlnPFAv15ycCrw33t6iFsXZ6mzHVFh2psSjxQPmI+xgzMZZizUAukBI4aQ==}
    engines: {node: '>=14.18.0', npm: '>=8.0.0'}
    hasBin: true
    optionalDependencies:
      fsevents: 2.3.2
    dev: true

  /source-map-js/1.0.2:
    resolution: {integrity: sha512-R0XvVJ9WusLiqTCEiGCmICCMplcCkIwwR11mOSD9CR5u+IXYdiseeEuXCVAjS54zqwkLcPNnmU4OeJ6tUrWhDw==}
    engines: {node: '>=0.10.0'}
    dev: true

  /tslib/2.5.3:
    resolution: {integrity: sha512-mSxlJJwl3BMEQCUNnxXBU9jP4JBktcEGhURcPR6VQVlnP0FdDEsIaz0C35dXNGLyRfrATNofF0F5p2KPxQgB+w==}
    dev: false

  /vite/4.3.9:
    resolution: {integrity: sha512-qsTNZjO9NoJNW7KnOrgYwczm0WctJ8m/yqYAMAK9Lxt4SoySUfS5S8ia9K7JHpa3KEeMfyF8LoJ3c5NeBJy6pg==}
    engines: {node: ^14.18.0 || >=16.0.0}
    hasBin: true
    peerDependencies:
      '@types/node': '>= 14'
      less: '*'
      sass: '*'
      stylus: '*'
      sugarss: '*'
      terser: ^5.4.0
    peerDependenciesMeta:
      '@types/node':
        optional: true
      less:
        optional: true
      sass:
        optional: true
      stylus:
        optional: true
      sugarss:
        optional: true
      terser:
        optional: true
    dependencies:
      esbuild: 0.17.19
      postcss: 8.4.24
      rollup: 3.25.1
    optionalDependencies:
      fsevents: 2.3.2
    dev: true

  /vscode-jsonrpc/8.1.0:
    resolution: {integrity: sha512-6TDy/abTQk+zDGYazgbIPc+4JoXdwC8NHU9Pbn4UJP1fehUyZmM4RHp5IthX7A6L5KS30PRui+j+tbbMMMafdw==}
    engines: {node: '>=14.0.0'}
    dev: false

  /vscode-languageserver-protocol/3.17.3:
    resolution: {integrity: sha512-924/h0AqsMtA5yK22GgMtCYiMdCOtWTSGgUOkgEDX+wk2b0x4sAfLiO4NxBxqbiVtz7K7/1/RgVrVI0NClZwqA==}
    dependencies:
      vscode-jsonrpc: 8.1.0
      vscode-languageserver-types: 3.17.3
    dev: false

  /vscode-languageserver-types/3.17.3:
    resolution: {integrity: sha512-SYU4z1dL0PyIMd4Vj8YOqFvHu7Hz/enbWtpfnVbJHU4Nd1YNYx8u0ennumc6h48GQNeOLxmwySmnADouT/AuZA==}
    dev: false
